
Microsoft Visual Studio Solution File, Format Version 12.00
# Visual Studio Version 17
VisualStudioVersion = 17.4.33110.190
MinimumVisualStudioVersion = 10.0.40219.1
Project("{FAE04EC0-301F-11D3-BF4B-00C04F79EFBC}") = "RomanNumbersCalculator", "RomanNumbersCalculator.csproj", "{FAC5061B-A618-43D0-B7CB-BDDD02B37322}"
EndProject
Project("{FAE04EC0-301F-11D3-BF4B-00C04F79EFBC}") = "UITestsForRomanNumbersCalculator", "..\UITestsForRomanNumbersCalculator\UITestsForRomanNumbersCalculator.csproj", "{6D0A3F43-CB46-46C2-8C50-08A8947CA471}"
EndProject
Global
	GlobalSection(SolutionConfigurationPlatforms) = preSolution
		Debug|Any CPU = Debug|Any CPU
		Release|Any CPU = Release|Any CPU
	EndGlobalSection
	GlobalSection(ProjectConfigurationPlatforms) = postSolution
		{FAC5061B-A618-43D0-B7CB-BDDD02B37322}.Debug|Any CPU.ActiveCfg = Debug|Any CPU
		{FAC5061B-A618-43D0-B7CB-BDDD02B37322}.Debug|Any CPU.Build.0 = Debug|Any CPU
		{FAC5061B-A618-43D0-B7CB-BDDD02B37322}.Release|Any CPU.ActiveCfg = Release|Any CPU
		{FAC5061B-A618-43D0-B7CB-BDDD02B37322}.Release|Any CPU.Build.0 = Release|Any CPU
		{6D0A3F43-CB46-46C2-8C50-08A8947CA471}.Debug|Any CPU.ActiveCfg = Debug|Any CPU
		{6D0A3F43-CB46-46C2-8C50-08A8947CA471}.Debug|Any CPU.Build.0 = Debug|Any CPU
		{6D0A3F43-CB46-46C2-8C50-08A8947CA471}.Release|Any CPU.ActiveCfg = Release|Any CPU
		{6D0A3F43-CB46-46C2-8C50-08A8947CA471}.Release|Any CPU.Build.0 = Release|Any CPU
	EndGlobalSection
	GlobalSection(SolutionProperties) = preSolution
		HideSolutionNode = FALSE
	EndGlobalSection
	GlobalSection(ExtensibilityGlobals) = postSolution
		SolutionGuid = {E6CF1562-77EB-4FD5-80C0-E050C2F45B6C}
	EndGlobalSection
EndGlobal
